
Microsoft Visual Studio Solution File, Format Version 12.00
# Visual Studio Version 17
VisualStudioVersion = 17.11.35312.102
MinimumVisualStudioVersion = 10.0.40219.1
Project("{9A19103F-16F7-4668-BE54-9A1E7A4F7556}") = "FirstEFCoreIntro", "FirstEFCoreIntro\FirstEFCoreIntro.csproj", "{162E0232-3D78-422B-84D8-CCC3E82161C3}"
EndProject
Project("{FAE04EC0-301F-11D3-BF4B-00C04F79EFBC}") = "EFCoreTest", "EFCoreTest\EFCoreTest.csproj", "{51FE8320-BA54-483F-A5ED-5843105B5CEF}"
EndProject
Global
	GlobalSection(SolutionConfigurationPlatforms) = preSolution
		Debug|Any CPU = Debug|Any CPU
		Release|Any CPU = Release|Any CPU
	EndGlobalSection
	GlobalSection(ProjectConfigurationPlatforms) = postSolution
		{162E0232-3D78-422B-84D8-CCC3E82161C3}.Debug|Any CPU.ActiveCfg = Debug|Any CPU
		{162E0232-3D78-422B-84D8-CCC3E82161C3}.Debug|Any CPU.Build.0 = Debug|Any CPU
		{162E0232-3D78-422B-84D8-CCC3E82161C3}.Release|Any CPU.ActiveCfg = Release|Any CPU
		{162E0232-3D78-422B-84D8-CCC3E82161C3}.Release|Any CPU.Build.0 = Release|Any CPU
		{51FE8320-BA54-483F-A5ED-5843105B5CEF}.Debug|Any CPU.ActiveCfg = Debug|Any CPU
		{51FE8320-BA54-483F-A5ED-5843105B5CEF}.Debug|Any CPU.Build.0 = Debug|Any CPU
		{51FE8320-BA54-483F-A5ED-5843105B5CEF}.Release|Any CPU.ActiveCfg = Release|Any CPU
		{51FE8320-BA54-483F-A5ED-5843105B5CEF}.Release|Any CPU.Build.0 = Release|Any CPU
	EndGlobalSection
	GlobalSection(SolutionProperties) = preSolution
		HideSolutionNode = FALSE
	EndGlobalSection
	GlobalSection(ExtensibilityGlobals) = postSolution
		SolutionGuid = {3CDA3235-7F4B-411A-8F15-42B0D4092677}
	EndGlobalSection
EndGlobal
